
Microsoft Visual Studio Solution File, Format Version 12.00
# Visual Studio Version 16
VisualStudioVersion = 16.0.30204.135
MinimumVisualStudioVersion = 10.0.40219.1
Project("{FAE04EC0-301F-11D3-BF4B-00C04F79EFBC}") = "ACMP board", "ACMP board\ACMP board.csproj", "{87D3830D-0268-4C79-9618-7C50599EE2B8}"
EndProject
Global
	GlobalSection(SolutionConfigurationPlatforms) = preSolution
		Debug|Any CPU = Debug|Any CPU
		Release|Any CPU = Release|Any CPU
	EndGlobalSection
	GlobalSection(ProjectConfigurationPlatforms) = postSolution
		{87D3830D-0268-4C79-9618-7C50599EE2B8}.Debug|Any CPU.ActiveCfg = Debug|Any CPU
		{87D3830D-0268-4C79-9618-7C50599EE2B8}.Debug|Any CPU.Build.0 = Debug|Any CPU
		{87D3830D-0268-4C79-9618-7C50599EE2B8}.Release|Any CPU.ActiveCfg = Release|Any CPU
		{87D3830D-0268-4C79-9618-7C50599EE2B8}.Release|Any CPU.Build.0 = Release|Any CPU
	EndGlobalSection
	GlobalSection(SolutionProperties) = preSolution
		HideSolutionNode = FALSE
	EndGlobalSection
	GlobalSection(ExtensibilityGlobals) = postSolution
		SolutionGuid = {FF708B48-662B-4792-960A-4258604066D8}
	EndGlobalSection
EndGlobal
